// !$*UTF8*$!
{
	archiveVersion = 1;
	classes = {
	};
	objectVersion = 46;
	objects = {

/* Begin PBXBuildFile section */
		B0D3944B1C0173D100EEED6F /* main.m in Sources */ = {isa = PBXBuildFile; fileRef = B0D3944A1C0173D100EEED6F /* main.m */; };
		B0D3944E1C0173D100EEED6F /* AppDelegate.m in Sources */ = {isa = PBXBuildFile; fileRef = B0D3944D1C0173D100EEED6F /* AppDelegate.m */; };
		B0D394511C0173D100EEED6F /* ViewController.m in Sources */ = {isa = PBXBuildFile; fileRef = B0D394501C0173D100EEED6F /* ViewController.m */; };
		B0D394541C0173D100EEED6F /* Main.storyboard in Resources */ = {isa = PBXBuildFile; fileRef = B0D394521C0173D100EEED6F /* Main.storyboard */; };
		B0D394561C0173D100EEED6F /* Assets.xcassets in Resources */ = {isa = PBXBuildFile; fileRef = B0D394551C0173D100EEED6F /* Assets.xcassets */; };
		B0D394591C0173D100EEED6F /* LaunchScreen.storyboard in Resources */ = {isa = PBXBuildFile; fileRef = B0D394571C0173D100EEED6F /* LaunchScreen.storyboard */; };
		B0D394641C0173D200EEED6F /* GYProgressViewDemoTests.m in Sources */ = {isa = PBXBuildFile; fileRef = B0D394631C0173D200EEED6F /* GYProgressViewDemoTests.m */; };
		B0D3946F1C0173D200EEED6F /* GYProgressViewDemoUITests.m in Sources */ = {isa = PBXBuildFile; fileRef = B0D3946E1C0173D200EEED6F /* GYProgressViewDemoUITests.m */; };
		B0D3947F1C0173E900EEED6F /* GYProgressView.m in Sources */ = {isa = PBXBuildFile; fileRef = B0D3947E1C0173E900EEED6F /* GYProgressView.m */; };
/* End PBXBuildFile section */

/* Begin PBXContainerItemProxy section */
		B0D394601C0173D200EEED6F /* PBXContainerItemProxy */ = {
			isa = PBXContainerItemProxy;
			containerPortal = B0D3943E1C0173D100EEED6F /* Project object */;
			proxyType = 1;
			remoteGlobalIDString = B0D394451C0173D100EEED6F;
			remoteInfo = GYProgressViewDemo;
		};
		B0D3946B1C0173D200EEED6F /* PBXContainerItemProxy */ = {
			isa = PBXContainerItemProxy;
			containerPortal = B0D3943E1C0173D100EEED6F /* Project object */;
			proxyType = 1;
			remoteGlobalIDString = B0D394451C0173D100EEED6F;
			remoteInfo = GYProgressViewDemo;
		};
/* End PBXContainerItemProxy section */

/* Begin PBXFileReference section */
		B0D394461C0173D100EEED6F /* GYProgressViewDemo.app */ = {isa = PBXFileReference; explicitFileType = wrapper.application; includeInIndex = 0; path = GYProgressViewDemo.app; sourceTree = BUILT_PRODUCTS_DIR; };
		B0D3944A1C0173D100EEED6F /* main.m */ = {isa = PBXFileReference; lastKnownFileType = sourcecode.c.objc; path = main.m; sourceTree = "<group>"; };
		B0D3944C1C0173D100EEED6F /* AppDelegate.h */ = {isa = PBXFileReference; lastKnownFileType = sourcecode.c.h; path = AppDelegate.h; sourceTree = "<group>"; };
		B0D3944D1C0173D100EEED6F /* AppDelegate.m */ = {isa = PBXFileReference; lastKnownFileType = sourcecode.c.objc; path = AppDelegate.m; sourceTree = "<group>"; };
		B0D3944F1C0173D100EEED6F /* ViewController.h */ = {isa = PBXFileReference; lastKnownFileType = sourcecode.c.h; path = ViewController.h; sourceTree = "<group>"; };
		B0D394501C0173D100EEED6F /* ViewController.m */ = {isa = PBXFileReference; lastKnownFileType = sourcecode.c.objc; path = ViewController.m; sourceTree = "<group>"; };
		B0D394531C0173D100EEED6F /* Base */ = {isa = PBXFileReference; lastKnownFileType = file.storyboard; name = Base; path = Base.lproj/Main.storyboard; sourceTree = "<group>"; };
		B0D394551C0173D100EEED6F /* Assets.xcassets */ = {isa = PBXFileReference; lastKnownFileType = folder.assetcatalog; path = Assets.xcassets; sourceTree = "<group>"; };
		B0D394581C0173D100EEED6F /* Base */ = {isa = PBXFileReference; lastKnownFileType = file.storyboard; name = Base; path = Base.lproj/LaunchScreen.storyboard; sourceTree = "<group>"; };
		B0D3945A1C0173D100EEED6F /* Info.plist */ = {isa = PBXFileReference; lastKnownFileType = text.plist.xml; path = Info.plist; sourceTree = "<group>"; };
		B0D3945F1C0173D200EEED6F /* GYProgressViewDemoTests.xctest */ = {isa = PBXFileReference; explicitFileType = wrapper.cfbundle; includeInIndex = 0; path = GYProgressViewDemoTests.xctest; sourceTree = BUILT_PRODUCTS_DIR; };
		B0D394631C0173D200EEED6F /* GYProgressViewDemoTests.m */ = {isa = PBXFileReference; lastKnownFileType = sourcecode.c.objc; path = GYProgressViewDemoTests.m; sourceTree = "<group>"; };
		B0D394651C0173D200EEED6F /* Info.plist */ = {isa = PBXFileReference; lastKnownFileType = text.plist.xml; path = Info.plist; sourceTree = "<group>"; };
		B0D3946A1C0173D200EEED6F /* GYProgressViewDemoUITests.xctest */ = {isa = PBXFileReference; explicitFileType = wrapper.cfbundle; includeInIndex = 0; path = GYProgressViewDemoUITests.xctest; sourceTree = BUILT_PRODUCTS_DIR; };
		B0D3946E1C0173D200EEED6F /* GYProgressViewDemoUITests.m */ = {isa = PBXFileReference; lastKnownFileType = sourcecode.c.objc; path = GYProgressViewDemoUITests.m; sourceTree = "<group>"; };
		B0D394701C0173D200EEED6F /* Info.plist */ = {isa = PBXFileReference; lastKnownFileType = text.plist.xml; path = Info.plist; sourceTree = "<group>"; };
		B0D3947D1C0173E900EEED6F /* GYProgressView.h */ = {isa = PBXFileReference; fileEncoding = 4; lastKnownFileType = sourcecode.c.h; path = GYProgressView.h; sourceTree = "<group>"; };
		B0D3947E1C0173E900EEED6F /* GYProgressView.m */ = {isa = PBXFileReference; fileEncoding = 4; lastKnownFileType = sourcecode.c.objc; path = GYProgressView.m; sourceTree = "<group>"; };
/* End PBXFileReference section */

/* Begin PBXFrameworksBuildPhase section */
		B0D394431C0173D100EEED6F /* Frameworks */ = {
			isa = PBXFrameworksBuildPhase;
			buildActionMask = 2147483647;
			files = (
			);
			runOnlyForDeploymentPostprocessing = 0;
		};
		B0D3945C1C0173D200EEED6F /* Frameworks */ = {
			isa = PBXFrameworksBuildPhase;
			buildActionMask = 2147483647;
			files = (
			);
			runOnlyForDeploymentPostprocessing = 0;
		};
		B0D394671C0173D200EEED6F /* Frameworks */ = {
			isa = PBXFrameworksBuildPhase;
			buildActionMask = 2147483647;
			files = (
			);
			runOnlyForDeploymentPostprocessing = 0;
		};
/* End PBXFrameworksBuildPhase section */

/* Begin PBXGroup section */
		B0D3943D1C0173D100EEED6F = {
			isa = PBXGroup;
			children = (
				B0D3947C1C0173E900EEED6F /* GYProgressView */,
				B0D394481C0173D100EEED6F /* GYProgressViewDemo */,
				B0D394621C0173D200EEED6F /* GYProgressViewDemoTests */,
				B0D3946D1C0173D200EEED6F /* GYProgressViewDemoUITests */,
				B0D394471C0173D100EEED6F /* Products */,
			);
			sourceTree = "<group>";
		};
		B0D394471C0173D100EEED6F /* Products */ = {
			isa = PBXGroup;
			children = (
				B0D394461C0173D100EEED6F /* GYProgressViewDemo.app */,
				B0D3945F1C0173D200EEED6F /* GYProgressViewDemoTests.xctest */,
				B0D3946A1C0173D200EEED6F /* GYProgressViewDemoUITests.xctest */,
			);
			name = Products;
			sourceTree = "<group>";
		};
		B0D394481C0173D100EEED6F /* GYProgressViewDemo */ = {
			isa = PBXGroup;
			children = (
				B0D3944C1C0173D100EEED6F /* AppDelegate.h */,
				B0D3944D1C0173D100EEED6F /* AppDelegate.m */,
				B0D3944F1C0173D100EEED6F /* ViewController.h */,
				B0D394501C0173D100EEED6F /* ViewController.m */,
				B0D394521C0173D100EEED6F /* Main.storyboard */,
				B0D394551C0173D100EEED6F /* Assets.xcassets */,
				B0D394571C0173D100EEED6F /* LaunchScreen.storyboard */,
				B0D3945A1C0173D100EEED6F /* Info.plist */,
				B0D394491C0173D100EEED6F /* Supporting Files */,
			);
			path = GYProgressViewDemo;
			sourceTree = "<group>";
		};
		B0D394491C0173D100EEED6F /* Supporting Files */ = {
			isa = PBXGroup;
			children = (
				B0D3944A1C0173D100EEED6F /* main.m */,
			);
			name = "Supporting Files";
			sourceTree = "<group>";
		};
		B0D394621C0173D200EEED6F /* GYProgressViewDemoTests */ = {
			isa = PBXGroup;
			children = (
				B0D394631C0173D200EEED6F /* GYProgressViewDemoTests.m */,
				B0D394651C0173D200EEED6F /* Info.plist */,
			);
			path = GYProgressViewDemoTests;
			sourceTree = "<group>";
		};
		B0D3946D1C0173D200EEED6F /* GYProgressViewDemoUITests */ = {
			isa = PBXGroup;
			children = (
				B0D3946E1C0173D200EEED6F /* GYProgressViewDemoUITests.m */,
				B0D394701C0173D200EEED6F /* Info.plist */,
			);
			path = GYProgressViewDemoUITests;
			sourceTree = "<group>";
		};
		B0D3947C1C0173E900EEED6F /* GYProgressView */ = {
			isa = PBXGroup;
			children = (
				B0D3947D1C0173E900EEED6F /* GYProgressView.h */,
				B0D3947E1C0173E900EEED6F /* GYProgressView.m */,
			);
			path = GYProgressView;
			sourceTree = "<group>";
		};
/* End PBXGroup section */

/* Begin PBXNativeTarget section */
		B0D394451C0173D100EEED6F /* GYProgressViewDemo */ = {
			isa = PBXNativeTarget;
			buildConfigurationList = B0D394731C0173D200EEED6F /* Build configuration list for PBXNativeTarget "GYProgressViewDemo" */;
			buildPhases = (
				B0D394421C0173D100EEED6F /* Sources */,
				B0D394431C0173D100EEED6F /* Frameworks */,
				B0D394441C0173D100EEED6F /* Resources */,
			);
			buildRules = (
			);
			dependencies = (
			);
			name = GYProgressViewDemo;
			productName = GYProgressViewDemo;
			productReference = B0D394461C0173D100EEED6F /* GYProgressViewDemo.app */;
			productType = "com.apple.product-type.application";
		};
		B0D3945E1C0173D200EEED6F /* GYProgressViewDemoTests */ = {
			isa = PBXNativeTarget;
			buildConfigurationList = B0D394761C0173D200EEED6F /* Build configuration list for PBXNativeTarget "GYProgressViewDemoTests" */;
			buildPhases = (
				B0D3945B1C0173D200EEED6F /* Sources */,
				B0D3945C1C0173D200EEED6F /* Frameworks */,
				B0D3945D1C0173D200EEED6F /* Resources */,
			);
			buildRules = (
			);
			dependencies = (
				B0D394611C0173D200EEED6F /* PBXTargetDependency */,
			);
			name = GYProgressViewDemoTests;
			productName = GYProgressViewDemoTests;
			productReference = B0D3945F1C0173D200EEED6F /* GYProgressViewDemoTests.xctest */;
			productType = "com.apple.product-type.bundle.unit-test";
		};
		B0D394691C0173D200EEED6F /* GYProgressViewDemoUITests */ = {
			isa = PBXNativeTarget;
			buildConfigurationList = B0D394791C0173D200EEED6F /* Build configuration list for PBXNativeTarget "GYProgressViewDemoUITests" */;
			buildPhases = (
				B0D394661C0173D200EEED6F /* Sources */,
				B0D394671C0173D200EEED6F /* Frameworks */,
				B0D394681C0173D200EEED6F /* Resources */,
			);
			buildRules = (
			);
			dependencies = (
				B0D3946C1C0173D200EEED6F /* PBXTargetDependency */,
			);
			name = GYProgressViewDemoUITests;
			productName = GYProgressViewDemoUITests;
			productReference = B0D3946A1C0173D200EEED6F /* GYProgressViewDemoUITests.xctest */;
			productType = "com.apple.product-type.bundle.ui-testing";
		};
/* End PBXNativeTarget section */

/* Begin PBXProject section */
		B0D3943E1C0173D100EEED6F /* Project object */ = {
			isa = PBXProject;
			attributes = {
				LastUpgradeCheck = 0710;
				ORGANIZATIONNAME = GuoRoy;
				TargetAttributes = {
					B0D394451C0173D100EEED6F = {
						CreatedOnToolsVersion = 7.1.1;
					};
					B0D3945E1C0173D200EEED6F = {
						CreatedOnToolsVersion = 7.1.1;
						TestTargetID = B0D394451C0173D100EEED6F;
					};
					B0D394691C0173D200EEED6F = {
						CreatedOnToolsVersion = 7.1.1;
						TestTargetID = B0D394451C0173D100EEED6F;
					};
				};
			};
			buildConfigurationList = B0D394411C0173D100EEED6F /* Build configuration list for PBXProject "GYProgressViewDemo" */;
			compatibilityVersion = "Xcode 3.2";
			developmentRegion = English;
			hasScannedForEncodings = 0;
			knownRegions = (
				en,
				Base,
			);
			mainGroup = B0D3943D1C0173D100EEED6F;
			productRefGroup = B0D394471C0173D100EEED6F /* Products */;
			projectDirPath = "";
			projectRoot = "";
			targets = (
				B0D394451C0173D100EEED6F /* GYProgressViewDemo */,
				B0D3945E1C0173D200EEED6F /* GYProgressViewDemoTests */,
				B0D394691C0173D200EEED6F /* GYProgressViewDemoUITests */,
			);
		};
/* End PBXProject section */

/* Begin PBXResourcesBuildPhase section */
		B0D394441C0173D100EEED6F /* Resources */ = {
			isa = PBXResourcesBuildPhase;
			buildActionMask = 2147483647;
			files = (
				B0D394591C0173D100EEED6F /* LaunchScreen.storyboard in Resources */,
				B0D394561C0173D100EEED6F /* Assets.xcassets in Resources */,
				B0D394541C0173D100EEED6F /* Main.storyboard in Resources */,
			);
			runOnlyForDeploymentPostprocessing = 0;
		};
		B0D3945D1C0173D200EEED6F /* Resources */ = {
			isa = PBXResourcesBuildPhase;
			buildActionMask = 2147483647;
			files = (
			);
			runOnlyForDeploymentPostprocessing = 0;
		};
		B0D394681C0173D200EEED6F /* Resources */ = {
			isa = PBXResourcesBuildPhase;
			buildActionMask = 2147483647;
			files = (
			);
			runOnlyForDeploymentPostprocessing = 0;
		};
/* End PBXResourcesBuildPhase section */

/* Begin PBXSourcesBuildPhase section */
		B0D394421C0173D100EEED6F /* Sources */ = {
			isa = PBXSourcesBuildPhase;
			buildActionMask = 2147483647;
			files = (
				B0D394511C0173D100EEED6F /* ViewController.m in Sources */,
				B0D3944E1C0173D100EEED6F /* AppDelegate.m in Sources */,
				B0D3944B1C0173D100EEED6F /* main.m in Sources */,
				B0D3947F1C0173E900EEED6F /* GYProgressView.m in Sources */,
			);
			runOnlyForDeploymentPostprocessing = 0;
		};
		B0D3945B1C0173D200EEED6F /* Sources */ = {
			isa = PBXSourcesBuildPhase;
			buildActionMask = 2147483647;
			files = (
				B0D394641C0173D200EEED6F /* GYProgressViewDemoTests.m in Sources */,
			);
			runOnlyForDeploymentPostprocessing = 0;
		};
		B0D394661C0173D200EEED6F /* Sources */ = {
			isa = PBXSourcesBuildPhase;
			buildActionMask = 2147483647;
			files = (
				B0D3946F1C0173D200EEED6F /* GYProgressViewDemoUITests.m in Sources */,
			);
			runOnlyForDeploymentPostprocessing = 0;
		};
/* End PBXSourcesBuildPhase section */

/* Begin PBXTargetDependency section */
		B0D394611C0173D200EEED6F /* PBXTargetDependency */ = {
			isa = PBXTargetDependency;
			target = B0D394451C0173D100EEED6F /* GYProgressViewDemo */;
			targetProxy = B0D394601C0173D200EEED6F /* PBXContainerItemProxy */;
		};
		B0D3946C1C0173D200EEED6F /* PBXTargetDependency */ = {
			isa = PBXTargetDependency;
			target = B0D394451C0173D100EEED6F /* GYProgressViewDemo */;
			targetProxy = B0D3946B1C0173D200EEED6F /* PBXContainerItemProxy */;
		};
/* End PBXTargetDependency section */

/* Begin PBXVariantGroup section */
		B0D394521C0173D100EEED6F /* Main.storyboard */ = {
			isa = PBXVariantGroup;
			children = (
				B0D394531C0173D100EEED6F /* Base */,
			);
			name = Main.storyboard;
			sourceTree = "<group>";
		};
		B0D394571C0173D100EEED6F /* LaunchScreen.storyboard */ = {
			isa = PBXVariantGroup;
			children = (
				B0D394581C0173D100EEED6F /* Base */,
			);
			name = LaunchScreen.storyboard;
			sourceTree = "<group>";
		};
/* End PBXVariantGroup section */

/* Begin XCBuildConfiguration section */
		B0D394711C0173D200EEED6F /* Debug */ = {
			isa = XCBuildConfiguration;
			buildSettings = {
				ALWAYS_SEARCH_USER_PATHS = NO;
				CLANG_CXX_LANGUAGE_STANDARD = "gnu++0x";
				CLANG_CXX_LIBRARY = "libc++";
				CLANG_ENABLE_MODULES = YES;
				CLANG_ENABLE_OBJC_ARC = YES;
				CLANG_WARN_BOOL_CONVERSION = YES;
				CLANG_WARN_CONSTANT_CONVERSION = YES;
				CLANG_WARN_DIRECT_OBJC_ISA_USAGE = YES_ERROR;
				CLANG_WARN_EMPTY_BODY = YES;
				CLANG_WARN_ENUM_CONVERSION = YES;
				CLANG_WARN_INT_CONVERSION = YES;
				CLANG_WARN_OBJC_ROOT_CLASS = YES_ERROR;
				CLANG_WARN_UNREACHABLE_CODE = YES;
				CLANG_WARN__DUPLICATE_METHOD_MATCH = YES;
				"CODE_SIGN_IDENTITY[sdk=iphoneos*]" = "iPhone Developer";
				COPY_PHASE_STRIP = NO;
				DEBUG_INFORMATION_FORMAT = dwarf;
				ENABLE_STRICT_OBJC_MSGSEND = YES;
				ENABLE_TESTABILITY = YES;
				GCC_C_LANGUAGE_STANDARD = gnu99;
				GCC_DYNAMIC_NO_PIC = NO;
				GCC_NO_COMMON_BLOCKS = YES;
				GCC_OPTIMIZATION_LEVEL = 0;
				GCC_PREPROCESSOR_DEFINITIONS = (
					"DEBUG=1",
					"$(inherited)",
				);
				GCC_WARN_64_TO_32_BIT_CONVERSION = YES;
				GCC_WARN_ABOUT_RETURN_TYPE = YES_ERROR;
				GCC_WARN_UNDECLARED_SELECTOR = YES;
				GCC_WARN_UNINITIALIZED_AUTOS = YES_AGGRESSIVE;
				GCC_WARN_UNUSED_FUNCTION = YES;
				GCC_WARN_UNUSED_VARIABLE = YES;
				IPHONEOS_DEPLOYMENT_TARGET = 9.1;
				MTL_ENABLE_DEBUG_INFO = YES;
				ONLY_ACTIVE_ARCH = YES;
				SDKROOT = iphoneos;
				TARGETED_DEVICE_FAMILY = "1,2";
			};
			name = Debug;
		};
		B0D394721C0173D200EEED6F /* Release */ = {
			isa = XCBuildConfiguration;
			buildSettings = {
				ALWAYS_SEARCH_USER_PATHS = NO;
				CLANG_CXX_LANGUAGE_STANDARD = "gnu++0x";
				CLANG_CXX_LIBRARY = "libc++";
				CLANG_ENABLE_MODULES = YES;
				CLANG_ENABLE_OBJC_ARC = YES;
				CLANG_WARN_BOOL_CONVERSION = YES;
				CLANG_WARN_CONSTANT_CONVERSION = YES;
				CLANG_WARN_DIRECT_OBJC_ISA_USAGE = YES_ERROR;
				CLANG_WARN_EMPTY_BODY = YES;
				CLANG_WARN_ENUM_CONVERSION = YES;
				CLANG_WARN_INT_CONVERSION = YES;
				CLANG_WARN_OBJC_ROOT_CLASS = YES_ERROR;
				CLANG_WARN_UNREACHABLE_CODE = YES;
				CLANG_WARN__DUPLICATE_METHOD_MATCH = YES;
				"CODE_SIGN_IDENTITY[sdk=iphoneos*]" = "iPhone Developer";
				COPY_PHASE_STRIP = NO;
				DEBUG_INFORMATION_FORMAT = "dwarf-with-dsym";
				ENABLE_NS_ASSERTIONS = NO;
				ENABLE_STRICT_OBJC_MSGSEND = YES;
				GCC_C_LANGUAGE_STANDARD = gnu99;
				GCC_NO_COMMON_BLOCKS = YES;
				GCC_WARN_64_TO_32_BIT_CONVERSION = YES;
				GCC_WARN_ABOUT_RETURN_TYPE = YES_ERROR;
				GCC_WARN_UNDECLARED_SELECTOR = YES;
				GCC_WARN_UNINITIALIZED_AUTOS = YES_AGGRESSIVE;
				GCC_WARN_UNUSED_FUNCTION = YES;
				GCC_WARN_UNUSED_VARIABLE = YES;
				IPHONEOS_DEPLOYMENT_TARGET = 9.1;
				MTL_ENABLE_DEBUG_INFO = NO;
				SDKROOT = iphoneos;
				TARGETED_DEVICE_FAMILY = "1,2";
				VALIDATE_PRODUCT = YES;
			};
			name = Release;
		};
		B0D394741C0173D200EEED6F /* Debug */ = {
			isa = XCBuildConfiguration;
			buildSettings = {
				ASSETCATALOG_COMPILER_APPICON_NAME = AppIcon;
				INFOPLIST_FILE = GYProgressViewDemo/Info.plist;
				LD_RUNPATH_SEARCH_PATHS = "$(inherited) @executable_path/Frameworks";
				PRODUCT_BUNDLE_IDENTIFIER = com.GuoRoy.GYProgressViewDemo;
				PRODUCT_NAME = "$(TARGET_NAME)";
			};
			name = Debug;
		};
		B0D394751C0173D200EEED6F /* Release */ = {
			isa = XCBuildConfiguration;
			buildSettings = {
				ASSETCATALOG_COMPILER_APPICON_NAME = AppIcon;
				INFOPLIST_FILE = GYProgressViewDemo/Info.plist;
				LD_RUNPATH_SEARCH_PATHS = "$(inherited) @executable_path/Frameworks";
				PRODUCT_BUNDLE_IDENTIFIER = com.GuoRoy.GYProgressViewDemo;
				PRODUCT_NAME = "$(TARGET_NAME)";
			};
			name = Release;
		};
		B0D394771C0173D200EEED6F /* Debug */ = {
			isa = XCBuildConfiguration;
			buildSettings = {
				BUNDLE_LOADER = "$(TEST_HOST)";
				INFOPLIST_FILE = GYProgressViewDemoTests/Info.plist;
				LD_RUNPATH_SEARCH_PATHS = "$(inherited) @executable_path/Frameworks @loader_path/Frameworks";
				PRODUCT_BUNDLE_IDENTIFIER = com.GuoRoy.GYProgressViewDemoTests;
				PRODUCT_NAME = "$(TARGET_NAME)";
				TEST_HOST = "$(BUILT_PRODUCTS_DIR)/GYProgressViewDemo.app/GYProgressViewDemo";
			};
			name = Debug;
		};
		B0D394781C0173D200EEED6F /* Release */ = {
			isa = XCBuildConfiguration;
			buildSettings = {
				BUNDLE_LOADER = "$(TEST_HOST)";
				INFOPLIST_FILE = GYProgressViewDemoTests/Info.plist;
				LD_RUNPATH_SEARCH_PATHS = "$(inherited) @executable_path/Frameworks @loader_path/Frameworks";
				PRODUCT_BUNDLE_IDENTIFIER = com.GuoRoy.GYProgressViewDemoTests;
				PRODUCT_NAME = "$(TARGET_NAME)";
				TEST_HOST = "$(BUILT_PRODUCTS_DIR)/GYProgressViewDemo.app/GYProgressViewDemo";
			};
			name = Release;
		};
		B0D3947A1C0173D200EEED6F /* Debug */ = {
			isa = XCBuildConfiguration;
			buildSettings = {
				INFOPLIST_FILE = GYProgressViewDemoUITests/Info.plist;
				LD_RUNPATH_SEARCH_PATHS = "$(inherited) @executable_path/Frameworks @loader_path/Frameworks";
				PRODUCT_BUNDLE_IDENTIFIER = com.GuoRoy.GYProgressViewDemoUITests;
				PRODUCT_NAME = "$(TARGET_NAME)";
				TEST_TARGET_NAME = GYProgressViewDemo;
				USES_XCTRUNNER = YES;
			};
			name = Debug;
		};
		B0D3947B1C0173D200EEED6F /* Release */ = {
			isa = XCBuildConfiguration;
			buildSettings = {
				INFOPLIST_FILE = GYProgressViewDemoUITests/Info.plist;
				LD_RUNPATH_SEARCH_PATHS = "$(inherited) @executable_path/Frameworks @loader_path/Frameworks";
				PRODUCT_BUNDLE_IDENTIFIER = com.GuoRoy.GYProgressViewDemoUITests;
				PRODUCT_NAME = "$(TARGET_NAME)";
				TEST_TARGET_NAME = GYProgressViewDemo;
				USES_XCTRUNNER = YES;
			};
			name = Release;
		};
/* End XCBuildConfiguration section */

/* Begin XCConfigurationList section */
		B0D394411C0173D100EEED6F /* Build configuration list for PBXProject "GYProgressViewDemo" */ = {
			isa = XCConfigurationList;
			buildConfigurations = (
				B0D394711C0173D200EEED6F /* Debug */,
				B0D394721C0173D200EEED6F /* Release */,
			);
			defaultConfigurationIsVisible = 0;
			defaultConfigurationName = Release;
		};
		B0D394731C0173D200EEED6F /* Build configuration list for PBXNativeTarget "GYProgressViewDemo" */ = {
			isa = XCConfigurationList;
			buildConfigurations = (
				B0D394741C0173D200EEED6F /* Debug */,
				B0D394751C0173D200EEED6F /* Release */,
			);
			defaultConfigurationIsVisible = 0;
		};
		B0D394761C0173D200EEED6F /* Build configuration list for PBXNativeTarget "GYProgressViewDemoTests" */ = {
			isa = XCConfigurationList;
			buildConfigurations = (
				B0D394771C0173D200EEED6F /* Debug */,
				B0D394781C0173D200EEED6F /* Release */,
			);
			defaultConfigurationIsVisible = 0;
		};
		B0D394791C0173D200EEED6F /* Build configuration list for PBXNativeTarget "GYProgressViewDemoUITests" */ = {
			isa = XCConfigurationList;
			buildConfigurations = (
				B0D3947A1C0173D200EEED6F /* Debug */,
				B0D3947B1C0173D200EEED6F /* Release */,
			);
			defaultConfigurationIsVisible = 0;
		};
/* End XCConfigurationList section */
	};
	rootObject = B0D3943E1C0173D100EEED6F /* Project object */;
}
